
Microsoft Visual Studio Solution File, Format Version 12.00
# Visual Studio 15
VisualStudioVersion = 15.0.27703.2000
MinimumVisualStudioVersion = 10.0.40219.1
Project("{9A19103F-16F7-4668-BE54-9A1E7A4F7556}") = "WebApp", "WebApp\WebApp.csproj", "{71B7C45A-8CEB-470E-850C-23CAB0FE8E21}"
EndProject
Project("{9A19103F-16F7-4668-BE54-9A1E7A4F7556}") = "Tester", "Tester\Tester.csproj", "{6257114C-8448-4660-81A3-B0FD76E56907}"
EndProject
Project("{9A19103F-16F7-4668-BE54-9A1E7A4F7556}") = "TriangleLib", "TriangleLib\TriangleLib.csproj", "{D1D4DBC6-C406-470A-A526-90915FCE6295}"
EndProject
Global
	GlobalSection(SolutionConfigurationPlatforms) = preSolution
		Debug|Any CPU = Debug|Any CPU
		Release|Any CPU = Release|Any CPU
	EndGlobalSection
	GlobalSection(ProjectConfigurationPlatforms) = postSolution
		{71B7C45A-8CEB-470E-850C-23CAB0FE8E21}.Debug|Any CPU.ActiveCfg = Debug|Any CPU
		{71B7C45A-8CEB-470E-850C-23CAB0FE8E21}.Debug|Any CPU.Build.0 = Debug|Any CPU
		{71B7C45A-8CEB-470E-850C-23CAB0FE8E21}.Release|Any CPU.ActiveCfg = Release|Any CPU
		{71B7C45A-8CEB-470E-850C-23CAB0FE8E21}.Release|Any CPU.Build.0 = Release|Any CPU
		{6257114C-8448-4660-81A3-B0FD76E56907}.Debug|Any CPU.ActiveCfg = Debug|Any CPU
		{6257114C-8448-4660-81A3-B0FD76E56907}.Debug|Any CPU.Build.0 = Debug|Any CPU
		{6257114C-8448-4660-81A3-B0FD76E56907}.Release|Any CPU.ActiveCfg = Release|Any CPU
		{6257114C-8448-4660-81A3-B0FD76E56907}.Release|Any CPU.Build.0 = Release|Any CPU
		{D1D4DBC6-C406-470A-A526-90915FCE6295}.Debug|Any CPU.ActiveCfg = Debug|Any CPU
		{D1D4DBC6-C406-470A-A526-90915FCE6295}.Debug|Any CPU.Build.0 = Debug|Any CPU
		{D1D4DBC6-C406-470A-A526-90915FCE6295}.Release|Any CPU.ActiveCfg = Release|Any CPU
		{D1D4DBC6-C406-470A-A526-90915FCE6295}.Release|Any CPU.Build.0 = Release|Any CPU
	EndGlobalSection
	GlobalSection(SolutionProperties) = preSolution
		HideSolutionNode = FALSE
	EndGlobalSection
	GlobalSection(ExtensibilityGlobals) = postSolution
		SolutionGuid = {3912333F-FE4A-4C19-BEBA-D05AA22BCEE0}
	EndGlobalSection
EndGlobal
